// !$*UTF8*$!
{
	archiveVersion = 1;
	classes = {
	};
	objectVersion = 46;
	objects = {

/* Begin PBXBuildFile section */
		84DD49461DDA46CA004D890F /* AppDelegate.swift in Sources */ = {isa = PBXBuildFile; fileRef = 84DD49451DDA46CA004D890F /* AppDelegate.swift */; };
		84DD49481DDA46CA004D890F /* EhVC.swift in Sources */ = {isa = PBXBuildFile; fileRef = 84DD49471DDA46CA004D890F /* EhVC.swift */; };
		84DD494A1DDA46CA004D890F /* BeeVC.swift in Sources */ = {isa = PBXBuildFile; fileRef = 84DD49491DDA46CA004D890F /* BeeVC.swift */; };
		84DD494D1DDA46CA004D890F /* Main.storyboard in Resources */ = {isa = PBXBuildFile; fileRef = 84DD494B1DDA46CA004D890F /* Main.storyboard */; };
		84DD494F1DDA46CA004D890F /* Assets.xcassets in Resources */ = {isa = PBXBuildFile; fileRef = 84DD494E1DDA46CA004D890F /* Assets.xcassets */; };
		84DD49521DDA46CA004D890F /* LaunchScreen.storyboard in Resources */ = {isa = PBXBuildFile; fileRef = 84DD49501DDA46CA004D890F /* LaunchScreen.storyboard */; };
		84DD495A1DDA48E0004D890F /* SeaVC.swift in Sources */ = {isa = PBXBuildFile; fileRef = 84DD49591DDA48E0004D890F /* SeaVC.swift */; };
/* End PBXBuildFile section */

/* Begin PBXFileReference section */
		84DD49421DDA46CA004D890F /* Git-ICE-SS.app */ = {isa = PBXFileReference; explicitFileType = wrapper.application; includeInIndex = 0; path = "Git-ICE-SS.app"; sourceTree = BUILT_PRODUCTS_DIR; };
		84DD49451DDA46CA004D890F /* AppDelegate.swift */ = {isa = PBXFileReference; lastKnownFileType = sourcecode.swift; path = AppDelegate.swift; sourceTree = "<group>"; };
		84DD49471DDA46CA004D890F /* EhVC.swift */ = {isa = PBXFileReference; lastKnownFileType = sourcecode.swift; path = EhVC.swift; sourceTree = "<group>"; };
		84DD49491DDA46CA004D890F /* BeeVC.swift */ = {isa = PBXFileReference; lastKnownFileType = sourcecode.swift; path = BeeVC.swift; sourceTree = "<group>"; };
		84DD494C1DDA46CA004D890F /* Base */ = {isa = PBXFileReference; lastKnownFileType = file.storyboard; name = Base; path = Base.lproj/Main.storyboard; sourceTree = "<group>"; };
		84DD494E1DDA46CA004D890F /* Assets.xcassets */ = {isa = PBXFileReference; lastKnownFileType = folder.assetcatalog; path = Assets.xcassets; sourceTree = "<group>"; };
		84DD49511DDA46CA004D890F /* Base */ = {isa = PBXFileReference; lastKnownFileType = file.storyboard; name = Base; path = Base.lproj/LaunchScreen.storyboard; sourceTree = "<group>"; };
		84DD49531DDA46CA004D890F /* Info.plist */ = {isa = PBXFileReference; lastKnownFileType = text.plist.xml; path = Info.plist; sourceTree = "<group>"; };
		84DD49591DDA48E0004D890F /* SeaVC.swift */ = {isa = PBXFileReference; fileEncoding = 4; lastKnownFileType = sourcecode.swift; path = SeaVC.swift; sourceTree = "<group>"; };
/* End PBXFileReference section */

/* Begin PBXFrameworksBuildPhase section */
		84DD493F1DDA46CA004D890F /* Frameworks */ = {
			isa = PBXFrameworksBuildPhase;
			buildActionMask = 2147483647;
			files = (
			);
			runOnlyForDeploymentPostprocessing = 0;
		};
/* End PBXFrameworksBuildPhase section */

/* Begin PBXGroup section */
		84DD49391DDA46CA004D890F = {
			isa = PBXGroup;
			children = (
				84DD49441DDA46CA004D890F /* Git-ICE-SS */,
				84DD49431DDA46CA004D890F /* Products */,
			);
			sourceTree = "<group>";
		};
		84DD49431DDA46CA004D890F /* Products */ = {
			isa = PBXGroup;
			children = (
				84DD49421DDA46CA004D890F /* Git-ICE-SS.app */,
			);
			name = Products;
			sourceTree = "<group>";
		};
		84DD49441DDA46CA004D890F /* Git-ICE-SS */ = {
			isa = PBXGroup;
			children = (
				84DD49451DDA46CA004D890F /* AppDelegate.swift */,
				84DD49471DDA46CA004D890F /* EhVC.swift */,
				84DD49491DDA46CA004D890F /* BeeVC.swift */,
				84DD494B1DDA46CA004D890F /* Main.storyboard */,
				84DD494E1DDA46CA004D890F /* Assets.xcassets */,
				84DD49501DDA46CA004D890F /* LaunchScreen.storyboard */,
				84DD49531DDA46CA004D890F /* Info.plist */,
				84DD49591DDA48E0004D890F /* SeaVC.swift */,
			);
			path = "Git-ICE-SS";
			sourceTree = "<group>";
		};
/* End PBXGroup section */

/* Begin PBXNativeTarget section */
		84DD49411DDA46CA004D890F /* Git-ICE-SS */ = {
			isa = PBXNativeTarget;
			buildConfigurationList = 84DD49561DDA46CA004D890F /* Build configuration list for PBXNativeTarget "Git-ICE-SS" */;
			buildPhases = (
				84DD493E1DDA46CA004D890F /* Sources */,
				84DD493F1DDA46CA004D890F /* Frameworks */,
				84DD49401DDA46CA004D890F /* Resources */,
			);
			buildRules = (
			);
			dependencies = (
			);
			name = "Git-ICE-SS";
			productName = "Git-ICE-SS";
			productReference = 84DD49421DDA46CA004D890F /* Git-ICE-SS.app */;
			productType = "com.apple.product-type.application";
		};
/* End PBXNativeTarget section */

/* Begin PBXProject section */
		84DD493A1DDA46CA004D890F /* Project object */ = {
			isa = PBXProject;
			attributes = {
				LastSwiftUpdateCheck = 0730;
				LastUpgradeCheck = 0730;
				ORGANIZATIONNAME = "Shubham Sharma";
				TargetAttributes = {
					84DD49411DDA46CA004D890F = {
						CreatedOnToolsVersion = 7.3;
					};
				};
			};
			buildConfigurationList = 84DD493D1DDA46CA004D890F /* Build configuration list for PBXProject "Git-ICE-SS" */;
			compatibilityVersion = "Xcode 3.2";
			developmentRegion = English;
			hasScannedForEncodings = 0;
			knownRegions = (
				en,
				Base,
			);
			mainGroup = 84DD49391DDA46CA004D890F;
			productRefGroup = 84DD49431DDA46CA004D890F /* Products */;
			projectDirPath = "";
			projectRoot = "";
			targets = (
				84DD49411DDA46CA004D890F /* Git-ICE-SS */,
			);
		};
/* End PBXProject section */

/* Begin PBXResourcesBuildPhase section */
		84DD49401DDA46CA004D890F /* Resources */ = {
			isa = PBXResourcesBuildPhase;
			buildActionMask = 2147483647;
			files = (
				84DD49521DDA46CA004D890F /* LaunchScreen.storyboard in Resources */,
				84DD494F1DDA46CA004D890F /* Assets.xcassets in Resources */,
				84DD494D1DDA46CA004D890F /* Main.storyboard in Resources */,
			);
			runOnlyForDeploymentPostprocessing = 0;
		};
/* End PBXResourcesBuildPhase section */

/* Begin PBXSourcesBuildPhase section */
		84DD493E1DDA46CA004D890F /* Sources */ = {
			isa = PBXSourcesBuildPhase;
			buildActionMask = 2147483647;
			files = (
				84DD494A1DDA46CA004D890F /* BeeVC.swift in Sources */,
				84DD495A1DDA48E0004D890F /* SeaVC.swift in Sources */,
				84DD49461DDA46CA004D890F /* AppDelegate.swift in Sources */,
				84DD49481DDA46CA004D890F /* EhVC.swift in Sources */,
			);
			runOnlyForDeploymentPostprocessing = 0;
		};
/* End PBXSourcesBuildPhase section */

/* Begin PBXVariantGroup section */
		84DD494B1DDA46CA004D890F /* Main.storyboard */ = {
			isa = PBXVariantGroup;
			children = (
				84DD494C1DDA46CA004D890F /* Base */,
			);
			name = Main.storyboard;
			sourceTree = "<group>";
		};
		84DD49501DDA46CA004D890F /* LaunchScreen.storyboard */ = {
			isa = PBXVariantGroup;
			children = (
				84DD49511DDA46CA004D890F /* Base */,
			);
			name = LaunchScreen.storyboard;
			sourceTree = "<group>";
		};
/* End PBXVariantGroup section */

/* Begin XCBuildConfiguration section */
		84DD49541DDA46CA004D890F /* Debug */ = {
			isa = XCBuildConfiguration;
			buildSettings = {
				ALWAYS_SEARCH_USER_PATHS = NO;
				CLANG_ANALYZER_NONNULL = YES;
				CLANG_CXX_LANGUAGE_STANDARD = "gnu++0x";
				CLANG_CXX_LIBRARY = "libc++";
				CLANG_ENABLE_MODULES = YES;
				CLANG_ENABLE_OBJC_ARC = YES;
				CLANG_WARN_BOOL_CONVERSION = YES;
				CLANG_WARN_CONSTANT_CONVERSION = YES;
				CLANG_WARN_DIRECT_OBJC_ISA_USAGE = YES_ERROR;
				CLANG_WARN_EMPTY_BODY = YES;
				CLANG_WARN_ENUM_CONVERSION = YES;
				CLANG_WARN_INT_CONVERSION = YES;
				CLANG_WARN_OBJC_ROOT_CLASS = YES_ERROR;
				CLANG_WARN_UNREACHABLE_CODE = YES;
				CLANG_WARN__DUPLICATE_METHOD_MATCH = YES;
				"CODE_SIGN_IDENTITY[sdk=iphoneos*]" = "iPhone Developer";
				COPY_PHASE_STRIP = NO;
				DEBUG_INFORMATION_FORMAT = dwarf;
				ENABLE_STRICT_OBJC_MSGSEND = YES;
				ENABLE_TESTABILITY = YES;
				GCC_C_LANGUAGE_STANDARD = gnu99;
				GCC_DYNAMIC_NO_PIC = NO;
				GCC_NO_COMMON_BLOCKS = YES;
				GCC_OPTIMIZATION_LEVEL = 0;
				GCC_PREPROCESSOR_DEFINITIONS = (
					"DEBUG=1",
					"$(inherited)",
				);
				GCC_WARN_64_TO_32_BIT_CONVERSION = YES;
				GCC_WARN_ABOUT_RETURN_TYPE = YES_ERROR;
				GCC_WARN_UNDECLARED_SELECTOR = YES;
				GCC_WARN_UNINITIALIZED_AUTOS = YES_AGGRESSIVE;
				GCC_WARN_UNUSED_FUNCTION = YES;
				GCC_WARN_UNUSED_VARIABLE = YES;
				IPHONEOS_DEPLOYMENT_TARGET = 9.3;
				MTL_ENABLE_DEBUG_INFO = YES;
				ONLY_ACTIVE_ARCH = YES;
				SDKROOT = iphoneos;
				SWIFT_OPTIMIZATION_LEVEL = "-Onone";
			};
			name = Debug;
		};
		84DD49551DDA46CA004D890F /* Release */ = {
			isa = XCBuildConfiguration;
			buildSettings = {
				ALWAYS_SEARCH_USER_PATHS = NO;
				CLANG_ANALYZER_NONNULL = YES;
				CLANG_CXX_LANGUAGE_STANDARD = "gnu++0x";
				CLANG_CXX_LIBRARY = "libc++";
				CLANG_ENABLE_MODULES = YES;
				CLANG_ENABLE_OBJC_ARC = YES;
				CLANG_WARN_BOOL_CONVERSION = YES;
				CLANG_WARN_CONSTANT_CONVERSION = YES;
				CLANG_WARN_DIRECT_OBJC_ISA_USAGE = YES_ERROR;
				CLANG_WARN_EMPTY_BODY = YES;
				CLANG_WARN_ENUM_CONVERSION = YES;
				CLANG_WARN_INT_CONVERSION = YES;
				CLANG_WARN_OBJC_ROOT_CLASS = YES_ERROR;
				CLANG_WARN_UNREACHABLE_CODE = YES;
				CLANG_WARN__DUPLICATE_METHOD_MATCH = YES;
				"CODE_SIGN_IDENTITY[sdk=iphoneos*]" = "iPhone Developer";
				COPY_PHASE_STRIP = NO;
				DEBUG_INFORMATION_FORMAT = "dwarf-with-dsym";
				ENABLE_NS_ASSERTIONS = NO;
				ENABLE_STRICT_OBJC_MSGSEND = YES;
				GCC_C_LANGUAGE_STANDARD = gnu99;
				GCC_NO_COMMON_BLOCKS = YES;
				GCC_WARN_64_TO_32_BIT_CONVERSION = YES;
				GCC_WARN_ABOUT_RETURN_TYPE = YES_ERROR;
				GCC_WARN_UNDECLARED_SELECTOR = YES;
				GCC_WARN_UNINITIALIZED_AUTOS = YES_AGGRESSIVE;
				GCC_WARN_UNUSED_FUNCTION = YES;
				GCC_WARN_UNUSED_VARIABLE = YES;
				IPHONEOS_DEPLOYMENT_TARGET = 9.3;
				MTL_ENABLE_DEBUG_INFO = NO;
				SDKROOT = iphoneos;
				VALIDATE_PRODUCT = YES;
			};
			name = Release;
		};
		84DD49571DDA46CA004D890F /* Debug */ = {
			isa = XCBuildConfiguration;
			buildSettings = {
				ASSETCATALOG_COMPILER_APPICON_NAME = AppIcon;
				INFOPLIST_FILE = "Git-ICE-SS/Info.plist";
				LD_RUNPATH_SEARCH_PATHS = "$(inherited) @executable_path/Frameworks";
				PRODUCT_BUNDLE_IDENTIFIER = "edu.nwmissouri.Git-ICE-SS";
				PRODUCT_NAME = "$(TARGET_NAME)";
			};
			name = Debug;
		};
		84DD49581DDA46CA004D890F /* Release */ = {
			isa = XCBuildConfiguration;
			buildSettings = {
				ASSETCATALOG_COMPILER_APPICON_NAME = AppIcon;
				INFOPLIST_FILE = "Git-ICE-SS/Info.plist";
				LD_RUNPATH_SEARCH_PATHS = "$(inherited) @executable_path/Frameworks";
				PRODUCT_BUNDLE_IDENTIFIER = "edu.nwmissouri.Git-ICE-SS";
				PRODUCT_NAME = "$(TARGET_NAME)";
			};
			name = Release;
		};
/* End XCBuildConfiguration section */

/* Begin XCConfigurationList section */
		84DD493D1DDA46CA004D890F /* Build configuration list for PBXProject "Git-ICE-SS" */ = {
			isa = XCConfigurationList;
			buildConfigurations = (
				84DD49541DDA46CA004D890F /* Debug */,
				84DD49551DDA46CA004D890F /* Release */,
			);
			defaultConfigurationIsVisible = 0;
			defaultConfigurationName = Release;
		};
		84DD49561DDA46CA004D890F /* Build configuration list for PBXNativeTarget "Git-ICE-SS" */ = {
			isa = XCConfigurationList;
			buildConfigurations = (
				84DD49571DDA46CA004D890F /* Debug */,
				84DD49581DDA46CA004D890F /* Release */,
			);
			defaultConfigurationIsVisible = 0;
		};
/* End XCConfigurationList section */
	};
	rootObject = 84DD493A1DDA46CA004D890F /* Project object */;
}
